// !$*UTF8*$!
{
	archiveVersion = 1;
	classes = {
	};
	objectVersion = 55;
	objects = {

/* Begin PBXBuildFile section */
		F648F04929092B6D00F00870 /* AppDelegate.swift in Sources */ = {isa = PBXBuildFile; fileRef = F648F04829092B6D00F00870 /* AppDelegate.swift */; };
		F648F04B29092B6D00F00870 /* SceneDelegate.swift in Sources */ = {isa = PBXBuildFile; fileRef = F648F04A29092B6D00F00870 /* SceneDelegate.swift */; };
		F648F05029092B6D00F00870 /* Main.storyboard in Resources */ = {isa = PBXBuildFile; fileRef = F648F04E29092B6D00F00870 /* Main.storyboard */; };
		F648F05229092B6E00F00870 /* Assets.xcassets in Resources */ = {isa = PBXBuildFile; fileRef = F648F05129092B6E00F00870 /* Assets.xcassets */; };
		F648F05529092B6E00F00870 /* LaunchScreen.storyboard in Resources */ = {isa = PBXBuildFile; fileRef = F648F05329092B6E00F00870 /* LaunchScreen.storyboard */; };
		F648F06029092B6E00F00870 /* twitterCloneTests.swift in Sources */ = {isa = PBXBuildFile; fileRef = F648F05F29092B6E00F00870 /* twitterCloneTests.swift */; };
		F648F06A29092B6E00F00870 /* twitterCloneUITests.swift in Sources */ = {isa = PBXBuildFile; fileRef = F648F06929092B6E00F00870 /* twitterCloneUITests.swift */; };
		F648F06C29092B6E00F00870 /* twitterCloneUITestsLaunchTests.swift in Sources */ = {isa = PBXBuildFile; fileRef = F648F06B29092B6E00F00870 /* twitterCloneUITestsLaunchTests.swift */; };
		F648F07F290934F800F00870 /* MainTabBarController.swift in Sources */ = {isa = PBXBuildFile; fileRef = F648F07E290934F800F00870 /* MainTabBarController.swift */; };
		F648F081290936C700F00870 /* FeedController.swift in Sources */ = {isa = PBXBuildFile; fileRef = F648F080290936C700F00870 /* FeedController.swift */; };
		F648F0832909378500F00870 /* ExploreController.swift in Sources */ = {isa = PBXBuildFile; fileRef = F648F0822909378500F00870 /* ExploreController.swift */; };
		F648F085290937DE00F00870 /* NotificationsController.swift in Sources */ = {isa = PBXBuildFile; fileRef = F648F084290937DE00F00870 /* NotificationsController.swift */; };
		F648F0872909381700F00870 /* ConversationsController.swift in Sources */ = {isa = PBXBuildFile; fileRef = F648F0862909381700F00870 /* ConversationsController.swift */; };
		F648F089290946F000F00870 /* ActionButton.swift in Sources */ = {isa = PBXBuildFile; fileRef = F648F088290946F000F00870 /* ActionButton.swift */; };
		F648F0992909486100F00870 /* Extentions.swift in Sources */ = {isa = PBXBuildFile; fileRef = F648F0982909486100F00870 /* Extentions.swift */; };
		F648F09C29096A3300F00870 /* LoginController.swift in Sources */ = {isa = PBXBuildFile; fileRef = F648F09B29096A3300F00870 /* LoginController.swift */; };
		F648F09E29096AB700F00870 /* RegistrationController.swift in Sources */ = {isa = PBXBuildFile; fileRef = F648F09D29096AB700F00870 /* RegistrationController.swift */; };
		F6AC27D12909712F001FA300 /* CustomImageView.swift in Sources */ = {isa = PBXBuildFile; fileRef = F6AC27D02909712F001FA300 /* CustomImageView.swift */; };
		F6AC27D329097DD0001FA300 /* InputViewWithImageView.swift in Sources */ = {isa = PBXBuildFile; fileRef = F6AC27D229097DD0001FA300 /* InputViewWithImageView.swift */; };
		F6AC27D5290A839D001FA300 /* FooterView.swift in Sources */ = {isa = PBXBuildFile; fileRef = F6AC27D4290A839D001FA300 /* FooterView.swift */; };
		F6AC27D7290A92D3001FA300 /* CustomButtonWithImage.swift in Sources */ = {isa = PBXBuildFile; fileRef = F6AC27D6290A92D3001FA300 /* CustomButtonWithImage.swift */; };
		F6AC27DC290AA25F001FA300 /* FirebaseAnalytics in Frameworks */ = {isa = PBXBuildFile; productRef = F6AC27DB290AA25F001FA300 /* FirebaseAnalytics */; };
		F6AC27DE290AA25F001FA300 /* FirebaseAnalyticsOnDeviceConversion in Frameworks */ = {isa = PBXBuildFile; productRef = F6AC27DD290AA25F001FA300 /* FirebaseAnalyticsOnDeviceConversion */; };
		F6AC27E0290AA25F001FA300 /* FirebaseAnalyticsSwift in Frameworks */ = {isa = PBXBuildFile; productRef = F6AC27DF290AA25F001FA300 /* FirebaseAnalyticsSwift */; };
		F6AC27E2290AA25F001FA300 /* FirebaseAnalyticsWithoutAdIdSupport in Frameworks */ = {isa = PBXBuildFile; productRef = F6AC27E1290AA25F001FA300 /* FirebaseAnalyticsWithoutAdIdSupport */; };
		F6AC27E4290AA25F001FA300 /* FirebaseAppCheck in Frameworks */ = {isa = PBXBuildFile; productRef = F6AC27E3290AA25F001FA300 /* FirebaseAppCheck */; };
		F6AC27E6290AA25F001FA300 /* FirebaseAppDistribution-Beta in Frameworks */ = {isa = PBXBuildFile; productRef = F6AC27E5290AA25F001FA300 /* FirebaseAppDistribution-Beta */; };
		F6AC27E8290AA25F001FA300 /* FirebaseAuth in Frameworks */ = {isa = PBXBuildFile; productRef = F6AC27E7290AA25F001FA300 /* FirebaseAuth */; };
		F6AC27EA290AA25F001FA300 /* FirebaseAuthCombine-Community in Frameworks */ = {isa = PBXBuildFile; productRef = F6AC27E9290AA25F001FA300 /* FirebaseAuthCombine-Community */; };
		F6AC27EC290AA25F001FA300 /* FirebaseCrashlytics in Frameworks */ = {isa = PBXBuildFile; productRef = F6AC27EB290AA25F001FA300 /* FirebaseCrashlytics */; };
		F6AC27EE290AA25F001FA300 /* FirebaseDatabase in Frameworks */ = {isa = PBXBuildFile; productRef = F6AC27ED290AA25F001FA300 /* FirebaseDatabase */; };
		F6AC27F0290AA25F001FA300 /* FirebaseDatabaseSwift in Frameworks */ = {isa = PBXBuildFile; productRef = F6AC27EF290AA25F001FA300 /* FirebaseDatabaseSwift */; };
		F6AC27F2290AA25F001FA300 /* FirebaseDynamicLinks in Frameworks */ = {isa = PBXBuildFile; productRef = F6AC27F1290AA25F001FA300 /* FirebaseDynamicLinks */; };
		F6AC27F4290AA25F001FA300 /* FirebaseFirestore in Frameworks */ = {isa = PBXBuildFile; productRef = F6AC27F3290AA25F001FA300 /* FirebaseFirestore */; };
		F6AC27F6290AA25F001FA300 /* FirebaseFirestoreCombine-Community in Frameworks */ = {isa = PBXBuildFile; productRef = F6AC27F5290AA25F001FA300 /* FirebaseFirestoreCombine-Community */; };
		F6AC27F8290AA25F001FA300 /* FirebaseFirestoreSwift in Frameworks */ = {isa = PBXBuildFile; productRef = F6AC27F7290AA25F001FA300 /* FirebaseFirestoreSwift */; };
		F6AC27FA290AA25F001FA300 /* FirebaseFunctions in Frameworks */ = {isa = PBXBuildFile; productRef = F6AC27F9290AA25F001FA300 /* FirebaseFunctions */; };
		F6AC27FC290AA25F001FA300 /* FirebaseFunctionsCombine-Community in Frameworks */ = {isa = PBXBuildFile; productRef = F6AC27FB290AA25F001FA300 /* FirebaseFunctionsCombine-Community */; };
		F6AC27FE290AA25F001FA300 /* FirebaseInAppMessaging-Beta in Frameworks */ = {isa = PBXBuildFile; productRef = F6AC27FD290AA25F001FA300 /* FirebaseInAppMessaging-Beta */; };
		F6AC2800290AA25F001FA300 /* FirebaseInAppMessagingSwift-Beta in Frameworks */ = {isa = PBXBuildFile; productRef = F6AC27FF290AA25F001FA300 /* FirebaseInAppMessagingSwift-Beta */; };
		F6AC2802290AA25F001FA300 /* FirebaseInstallations in Frameworks */ = {isa = PBXBuildFile; productRef = F6AC2801290AA25F001FA300 /* FirebaseInstallations */; };
		F6AC2804290AA25F001FA300 /* FirebaseMLModelDownloader in Frameworks */ = {isa = PBXBuildFile; productRef = F6AC2803290AA25F001FA300 /* FirebaseMLModelDownloader */; };
		F6AC2806290AA25F001FA300 /* FirebaseMessaging in Frameworks */ = {isa = PBXBuildFile; productRef = F6AC2805290AA25F001FA300 /* FirebaseMessaging */; };
		F6AC2808290AA25F001FA300 /* FirebasePerformance in Frameworks */ = {isa = PBXBuildFile; productRef = F6AC2807290AA25F001FA300 /* FirebasePerformance */; };
		F6AC280A290AA25F001FA300 /* FirebaseRemoteConfig in Frameworks */ = {isa = PBXBuildFile; productRef = F6AC2809290AA25F001FA300 /* FirebaseRemoteConfig */; };
		F6AC280C290AA25F001FA300 /* FirebaseRemoteConfigSwift in Frameworks */ = {isa = PBXBuildFile; productRef = F6AC280B290AA25F001FA300 /* FirebaseRemoteConfigSwift */; };
		F6AC280E290AA25F001FA300 /* FirebaseStorage in Frameworks */ = {isa = PBXBuildFile; productRef = F6AC280D290AA25F001FA300 /* FirebaseStorage */; };
		F6AC2810290AA25F001FA300 /* FirebaseStorageCombine-Community in Frameworks */ = {isa = PBXBuildFile; productRef = F6AC280F290AA25F001FA300 /* FirebaseStorageCombine-Community */; };
		F6AC2814290AC689001FA300 /* Constants.swift in Sources */ = {isa = PBXBuildFile; fileRef = F6AC2813290AC689001FA300 /* Constants.swift */; };
		F6AC2816290AC79D001FA300 /* GoogleService-Info.plist in Resources */ = {isa = PBXBuildFile; fileRef = F6AC2815290AC79D001FA300 /* GoogleService-Info.plist */; };
		F6AC2818290AD1D2001FA300 /* AuthService.swift in Sources */ = {isa = PBXBuildFile; fileRef = F6AC2817290AD1D2001FA300 /* AuthService.swift */; };
		F6AC2836290BE917001FA300 /* UserService.swift in Sources */ = {isa = PBXBuildFile; fileRef = F6AC2835290BE917001FA300 /* UserService.swift */; };
		F6AC2838290BEC78001FA300 /* UserModel.swift in Sources */ = {isa = PBXBuildFile; fileRef = F6AC2837290BEC78001FA300 /* UserModel.swift */; };
		F6AC2857290BF660001FA300 /* EzImageLoader in Frameworks */ = {isa = PBXBuildFile; productRef = F6AC2856290BF660001FA300 /* EzImageLoader */; };
		F6AC2859290C1ABB001FA300 /* UploadTweetController.swift in Sources */ = {isa = PBXBuildFile; fileRef = F6AC2858290C1ABB001FA300 /* UploadTweetController.swift */; };
		F6AC285B290C2A92001FA300 /* TextViewWithPlaceHolder.swift in Sources */ = {isa = PBXBuildFile; fileRef = F6AC285A290C2A92001FA300 /* TextViewWithPlaceHolder.swift */; };
		F6AFB6932912814C00F7B4F9 /* TweetService.swift in Sources */ = {isa = PBXBuildFile; fileRef = F6AFB6922912814C00F7B4F9 /* TweetService.swift */; };
		F6AFB69529128EB700F7B4F9 /* TweetModel.swift in Sources */ = {isa = PBXBuildFile; fileRef = F6AFB69429128EB700F7B4F9 /* TweetModel.swift */; };
		F6AFB698291294C800F7B4F9 /* TweetCell.swift in Sources */ = {isa = PBXBuildFile; fileRef = F6AFB697291294C800F7B4F9 /* TweetCell.swift */; };
		F6AFB69A2912BC1F00F7B4F9 /* TweetViewModel.swift in Sources */ = {isa = PBXBuildFile; fileRef = F6AFB6992912BC1F00F7B4F9 /* TweetViewModel.swift */; };
/* End PBXBuildFile section */

/* Begin PBXContainerItemProxy section */
		F648F05C29092B6E00F00870 /* PBXContainerItemProxy */ = {
			isa = PBXContainerItemProxy;
			containerPortal = F648F03D29092B6D00F00870 /* Project object */;
			proxyType = 1;
			remoteGlobalIDString = F648F04429092B6D00F00870;
			remoteInfo = twitterClone;
		};
		F648F06629092B6E00F00870 /* PBXContainerItemProxy */ = {
			isa = PBXContainerItemProxy;
			containerPortal = F648F03D29092B6D00F00870 /* Project object */;
			proxyType = 1;
			remoteGlobalIDString = F648F04429092B6D00F00870;
			remoteInfo = twitterClone;
		};
/* End PBXContainerItemProxy section */

/* Begin PBXFileReference section */
		F648F04529092B6D00F00870 /* twitterClone.app */ = {isa = PBXFileReference; explicitFileType = wrapper.application; includeInIndex = 0; path = twitterClone.app; sourceTree = BUILT_PRODUCTS_DIR; };
		F648F04829092B6D00F00870 /* AppDelegate.swift */ = {isa = PBXFileReference; lastKnownFileType = sourcecode.swift; path = AppDelegate.swift; sourceTree = "<group>"; };
		F648F04A29092B6D00F00870 /* SceneDelegate.swift */ = {isa = PBXFileReference; lastKnownFileType = sourcecode.swift; path = SceneDelegate.swift; sourceTree = "<group>"; };
		F648F04F29092B6D00F00870 /* Base */ = {isa = PBXFileReference; lastKnownFileType = file.storyboard; name = Base; path = Base.lproj/Main.storyboard; sourceTree = "<group>"; };
		F648F05129092B6E00F00870 /* Assets.xcassets */ = {isa = PBXFileReference; lastKnownFileType = folder.assetcatalog; path = Assets.xcassets; sourceTree = "<group>"; };
		F648F05429092B6E00F00870 /* Base */ = {isa = PBXFileReference; lastKnownFileType = file.storyboard; name = Base; path = Base.lproj/LaunchScreen.storyboard; sourceTree = "<group>"; };
		F648F05629092B6E00F00870 /* Info.plist */ = {isa = PBXFileReference; lastKnownFileType = text.plist.xml; path = Info.plist; sourceTree = "<group>"; };
		F648F05B29092B6E00F00870 /* twitterCloneTests.xctest */ = {isa = PBXFileReference; explicitFileType = wrapper.cfbundle; includeInIndex = 0; path = twitterCloneTests.xctest; sourceTree = BUILT_PRODUCTS_DIR; };
		F648F05F29092B6E00F00870 /* twitterCloneTests.swift */ = {isa = PBXFileReference; lastKnownFileType = sourcecode.swift; path = twitterCloneTests.swift; sourceTree = "<group>"; };
		F648F06529092B6E00F00870 /* twitterCloneUITests.xctest */ = {isa = PBXFileReference; explicitFileType = wrapper.cfbundle; includeInIndex = 0; path = twitterCloneUITests.xctest; sourceTree = BUILT_PRODUCTS_DIR; };
		F648F06929092B6E00F00870 /* twitterCloneUITests.swift */ = {isa = PBXFileReference; lastKnownFileType = sourcecode.swift; path = twitterCloneUITests.swift; sourceTree = "<group>"; };
		F648F06B29092B6E00F00870 /* twitterCloneUITestsLaunchTests.swift */ = {isa = PBXFileReference; lastKnownFileType = sourcecode.swift; path = twitterCloneUITestsLaunchTests.swift; sourceTree = "<group>"; };
		F648F07E290934F800F00870 /* MainTabBarController.swift */ = {isa = PBXFileReference; lastKnownFileType = sourcecode.swift; path = MainTabBarController.swift; sourceTree = "<group>"; };
		F648F080290936C700F00870 /* FeedController.swift */ = {isa = PBXFileReference; lastKnownFileType = sourcecode.swift; path = FeedController.swift; sourceTree = "<group>"; };
		F648F0822909378500F00870 /* ExploreController.swift */ = {isa = PBXFileReference; lastKnownFileType = sourcecode.swift; path = ExploreController.swift; sourceTree = "<group>"; };
		F648F084290937DE00F00870 /* NotificationsController.swift */ = {isa = PBXFileReference; lastKnownFileType = sourcecode.swift; path = NotificationsController.swift; sourceTree = "<group>"; };
		F648F0862909381700F00870 /* ConversationsController.swift */ = {isa = PBXFileReference; lastKnownFileType = sourcecode.swift; path = ConversationsController.swift; sourceTree = "<group>"; };
		F648F088290946F000F00870 /* ActionButton.swift */ = {isa = PBXFileReference; lastKnownFileType = sourcecode.swift; path = ActionButton.swift; sourceTree = "<group>"; };
		F648F0982909486100F00870 /* Extentions.swift */ = {isa = PBXFileReference; lastKnownFileType = sourcecode.swift; path = Extentions.swift; sourceTree = "<group>"; };
		F648F09B29096A3300F00870 /* LoginController.swift */ = {isa = PBXFileReference; lastKnownFileType = sourcecode.swift; path = LoginController.swift; sourceTree = "<group>"; };
		F648F09D29096AB700F00870 /* RegistrationController.swift */ = {isa = PBXFileReference; lastKnownFileType = sourcecode.swift; path = RegistrationController.swift; sourceTree = "<group>"; };
		F6AC27D02909712F001FA300 /* CustomImageView.swift */ = {isa = PBXFileReference; lastKnownFileType = sourcecode.swift; path = CustomImageView.swift; sourceTree = "<group>"; };
		F6AC27D229097DD0001FA300 /* InputViewWithImageView.swift */ = {isa = PBXFileReference; lastKnownFileType = sourcecode.swift; path = InputViewWithImageView.swift; sourceTree = "<group>"; };
		F6AC27D4290A839D001FA300 /* FooterView.swift */ = {isa = PBXFileReference; lastKnownFileType = sourcecode.swift; path = FooterView.swift; sourceTree = "<group>"; };
		F6AC27D6290A92D3001FA300 /* CustomButtonWithImage.swift */ = {isa = PBXFileReference; lastKnownFileType = sourcecode.swift; path = CustomButtonWithImage.swift; sourceTree = "<group>"; };
		F6AC2813290AC689001FA300 /* Constants.swift */ = {isa = PBXFileReference; lastKnownFileType = sourcecode.swift; path = Constants.swift; sourceTree = "<group>"; };
		F6AC2815290AC79D001FA300 /* GoogleService-Info.plist */ = {isa = PBXFileReference; fileEncoding = 4; lastKnownFileType = text.plist.xml; path = "GoogleService-Info.plist"; sourceTree = "<group>"; };
		F6AC2817290AD1D2001FA300 /* AuthService.swift */ = {isa = PBXFileReference; lastKnownFileType = sourcecode.swift; path = AuthService.swift; sourceTree = "<group>"; };
		F6AC2835290BE917001FA300 /* UserService.swift */ = {isa = PBXFileReference; lastKnownFileType = sourcecode.swift; path = UserService.swift; sourceTree = "<group>"; };
		F6AC2837290BEC78001FA300 /* UserModel.swift */ = {isa = PBXFileReference; lastKnownFileType = sourcecode.swift; path = UserModel.swift; sourceTree = "<group>"; };
		F6AC2858290C1ABB001FA300 /* UploadTweetController.swift */ = {isa = PBXFileReference; lastKnownFileType = sourcecode.swift; path = UploadTweetController.swift; sourceTree = "<group>"; };
		F6AC285A290C2A92001FA300 /* TextViewWithPlaceHolder.swift */ = {isa = PBXFileReference; lastKnownFileType = sourcecode.swift; path = TextViewWithPlaceHolder.swift; sourceTree = "<group>"; };
		F6AFB6922912814C00F7B4F9 /* TweetService.swift */ = {isa = PBXFileReference; lastKnownFileType = sourcecode.swift; path = TweetService.swift; sourceTree = "<group>"; };
		F6AFB69429128EB700F7B4F9 /* TweetModel.swift */ = {isa = PBXFileReference; lastKnownFileType = sourcecode.swift; path = TweetModel.swift; sourceTree = "<group>"; };
		F6AFB697291294C800F7B4F9 /* TweetCell.swift */ = {isa = PBXFileReference; lastKnownFileType = sourcecode.swift; path = TweetCell.swift; sourceTree = "<group>"; };
		F6AFB6992912BC1F00F7B4F9 /* TweetViewModel.swift */ = {isa = PBXFileReference; lastKnownFileType = sourcecode.swift; path = TweetViewModel.swift; sourceTree = "<group>"; };
/* End PBXFileReference section */

/* Begin PBXFrameworksBuildPhase section */
		F648F04229092B6D00F00870 /* Frameworks */ = {
			isa = PBXFrameworksBuildPhase;
			buildActionMask = 2147483647;
			files = (
				F6AC27EE290AA25F001FA300 /* FirebaseDatabase in Frameworks */,
				F6AC27FC290AA25F001FA300 /* FirebaseFunctionsCombine-Community in Frameworks */,
				F6AC27F4290AA25F001FA300 /* FirebaseFirestore in Frameworks */,
				F6AC27E0290AA25F001FA300 /* FirebaseAnalyticsSwift in Frameworks */,
				F6AC27DC290AA25F001FA300 /* FirebaseAnalytics in Frameworks */,
				F6AC27DE290AA25F001FA300 /* FirebaseAnalyticsOnDeviceConversion in Frameworks */,
				F6AC2804290AA25F001FA300 /* FirebaseMLModelDownloader in Frameworks */,
				F6AC27F8290AA25F001FA300 /* FirebaseFirestoreSwift in Frameworks */,
				F6AC27E4290AA25F001FA300 /* FirebaseAppCheck in Frameworks */,
				F6AC27E2290AA25F001FA300 /* FirebaseAnalyticsWithoutAdIdSupport in Frameworks */,
				F6AC27E8290AA25F001FA300 /* FirebaseAuth in Frameworks */,
				F6AC27EC290AA25F001FA300 /* FirebaseCrashlytics in Frameworks */,
				F6AC280C290AA25F001FA300 /* FirebaseRemoteConfigSwift in Frameworks */,
				F6AC27FE290AA25F001FA300 /* FirebaseInAppMessaging-Beta in Frameworks */,
				F6AC2857290BF660001FA300 /* EzImageLoader in Frameworks */,
				F6AC27F0290AA25F001FA300 /* FirebaseDatabaseSwift in Frameworks */,
				F6AC27FA290AA25F001FA300 /* FirebaseFunctions in Frameworks */,
				F6AC2810290AA25F001FA300 /* FirebaseStorageCombine-Community in Frameworks */,
				F6AC280A290AA25F001FA300 /* FirebaseRemoteConfig in Frameworks */,
				F6AC27E6290AA25F001FA300 /* FirebaseAppDistribution-Beta in Frameworks */,
				F6AC27EA290AA25F001FA300 /* FirebaseAuthCombine-Community in Frameworks */,
				F6AC2808290AA25F001FA300 /* FirebasePerformance in Frameworks */,
				F6AC2800290AA25F001FA300 /* FirebaseInAppMessagingSwift-Beta in Frameworks */,
				F6AC280E290AA25F001FA300 /* FirebaseStorage in Frameworks */,
				F6AC27F2290AA25F001FA300 /* FirebaseDynamicLinks in Frameworks */,
				F6AC27F6290AA25F001FA300 /* FirebaseFirestoreCombine-Community in Frameworks */,
				F6AC2806290AA25F001FA300 /* FirebaseMessaging in Frameworks */,
				F6AC2802290AA25F001FA300 /* FirebaseInstallations in Frameworks */,
			);
			runOnlyForDeploymentPostprocessing = 0;
		};
		F648F05829092B6E00F00870 /* Frameworks */ = {
			isa = PBXFrameworksBuildPhase;
			buildActionMask = 2147483647;
			files = (
			);
			runOnlyForDeploymentPostprocessing = 0;
		};
		F648F06229092B6E00F00870 /* Frameworks */ = {
			isa = PBXFrameworksBuildPhase;
			buildActionMask = 2147483647;
			files = (
			);
			runOnlyForDeploymentPostprocessing = 0;
		};
/* End PBXFrameworksBuildPhase section */

/* Begin PBXGroup section */
		F648F03C29092B6D00F00870 = {
			isa = PBXGroup;
			children = (
				F648F04729092B6D00F00870 /* twitterClone */,
				F648F05E29092B6E00F00870 /* twitterCloneTests */,
				F648F06829092B6E00F00870 /* twitterCloneUITests */,
				F648F04629092B6D00F00870 /* Products */,
			);
			sourceTree = "<group>";
		};
		F648F04629092B6D00F00870 /* Products */ = {
			isa = PBXGroup;
			children = (
				F648F04529092B6D00F00870 /* twitterClone.app */,
				F648F05B29092B6E00F00870 /* twitterCloneTests.xctest */,
				F648F06529092B6E00F00870 /* twitterCloneUITests.xctest */,
			);
			name = Products;
			sourceTree = "<group>";
		};
		F648F04729092B6D00F00870 /* twitterClone */ = {
			isa = PBXGroup;
			children = (
				F648F078290933BE00F00870 /* Model */,
				F648F079290933C700F00870 /* View */,
				F648F07A2909340000F00870 /* viewModel */,
				F648F07D2909349500F00870 /* Controler */,
				F648F07B2909340D00F00870 /* APIs */,
				F648F07C2909342300F00870 /* Utils */,
				F648F04829092B6D00F00870 /* AppDelegate.swift */,
				F648F04A29092B6D00F00870 /* SceneDelegate.swift */,
				F648F04E29092B6D00F00870 /* Main.storyboard */,
				F648F05129092B6E00F00870 /* Assets.xcassets */,
				F648F05329092B6E00F00870 /* LaunchScreen.storyboard */,
				F648F05629092B6E00F00870 /* Info.plist */,
				F6AC2815290AC79D001FA300 /* GoogleService-Info.plist */,
			);
			path = twitterClone;
			sourceTree = "<group>";
		};
		F648F05E29092B6E00F00870 /* twitterCloneTests */ = {
			isa = PBXGroup;
			children = (
				F648F05F29092B6E00F00870 /* twitterCloneTests.swift */,
			);
			path = twitterCloneTests;
			sourceTree = "<group>";
		};
		F648F06829092B6E00F00870 /* twitterCloneUITests */ = {
			isa = PBXGroup;
			children = (
				F648F06929092B6E00F00870 /* twitterCloneUITests.swift */,
				F648F06B29092B6E00F00870 /* twitterCloneUITestsLaunchTests.swift */,
			);
			path = twitterCloneUITests;
			sourceTree = "<group>";
		};
		F648F078290933BE00F00870 /* Model */ = {
			isa = PBXGroup;
			children = (
				F6AC2837290BEC78001FA300 /* UserModel.swift */,
				F6AFB69429128EB700F7B4F9 /* TweetModel.swift */,
			);
			path = Model;
			sourceTree = "<group>";
		};
		F648F079290933C700F00870 /* View */ = {
			isa = PBXGroup;
			children = (
				F6AFB696291294BD00F7B4F9 /* Cells */,
				F648F088290946F000F00870 /* ActionButton.swift */,
				F6AC27D02909712F001FA300 /* CustomImageView.swift */,
				F6AC27D229097DD0001FA300 /* InputViewWithImageView.swift */,
				F6AC27D4290A839D001FA300 /* FooterView.swift */,
				F6AC27D6290A92D3001FA300 /* CustomButtonWithImage.swift */,
				F6AC285A290C2A92001FA300 /* TextViewWithPlaceHolder.swift */,
			);
			path = View;
			sourceTree = "<group>";
		};
		F648F07A2909340000F00870 /* viewModel */ = {
			isa = PBXGroup;
			children = (
				F6AFB6992912BC1F00F7B4F9 /* TweetViewModel.swift */,
			);
			path = viewModel;
			sourceTree = "<group>";
		};
		F648F07B2909340D00F00870 /* APIs */ = {
			isa = PBXGroup;
			children = (
				F6AC2817290AD1D2001FA300 /* AuthService.swift */,
				F6AC2835290BE917001FA300 /* UserService.swift */,
				F6AFB6922912814C00F7B4F9 /* TweetService.swift */,
			);
			path = APIs;
			sourceTree = "<group>";
		};
		F648F07C2909342300F00870 /* Utils */ = {
			isa = PBXGroup;
			children = (
				F648F0982909486100F00870 /* Extentions.swift */,
				F6AC2813290AC689001FA300 /* Constants.swift */,
			);
			path = Utils;
			sourceTree = "<group>";
		};
		F648F07D2909349500F00870 /* Controler */ = {
			isa = PBXGroup;
			children = (
				F648F09A29096A1800F00870 /* Auth */,
				F648F07E290934F800F00870 /* MainTabBarController.swift */,
				F648F080290936C700F00870 /* FeedController.swift */,
				F648F0822909378500F00870 /* ExploreController.swift */,
				F648F084290937DE00F00870 /* NotificationsController.swift */,
				F648F0862909381700F00870 /* ConversationsController.swift */,
				F6AC2858290C1ABB001FA300 /* UploadTweetController.swift */,
			);
			path = Controler;
			sourceTree = "<group>";
		};
		F648F09A29096A1800F00870 /* Auth */ = {
			isa = PBXGroup;
			children = (
				F648F09B29096A3300F00870 /* LoginController.swift */,
				F648F09D29096AB700F00870 /* RegistrationController.swift */,
			);
			path = Auth;
			sourceTree = "<group>";
		};
		F6AFB696291294BD00F7B4F9 /* Cells */ = {
			isa = PBXGroup;
			children = (
				F6AFB697291294C800F7B4F9 /* TweetCell.swift */,
			);
			path = Cells;
			sourceTree = "<group>";
		};
/* End PBXGroup section */

/* Begin PBXNativeTarget section */
		F648F04429092B6D00F00870 /* twitterClone */ = {
			isa = PBXNativeTarget;
			buildConfigurationList = F648F06F29092B6E00F00870 /* Build configuration list for PBXNativeTarget "twitterClone" */;
			buildPhases = (
				F648F04129092B6D00F00870 /* Sources */,
				F648F04229092B6D00F00870 /* Frameworks */,
				F648F04329092B6D00F00870 /* Resources */,
			);
			buildRules = (
			);
			dependencies = (
			);
			name = twitterClone;
			packageProductDependencies = (
				F6AC27DB290AA25F001FA300 /* FirebaseAnalytics */,
				F6AC27DD290AA25F001FA300 /* FirebaseAnalyticsOnDeviceConversion */,
				F6AC27DF290AA25F001FA300 /* FirebaseAnalyticsSwift */,
				F6AC27E1290AA25F001FA300 /* FirebaseAnalyticsWithoutAdIdSupport */,
				F6AC27E3290AA25F001FA300 /* FirebaseAppCheck */,
				F6AC27E5290AA25F001FA300 /* FirebaseAppDistribution-Beta */,
				F6AC27E7290AA25F001FA300 /* FirebaseAuth */,
				F6AC27E9290AA25F001FA300 /* FirebaseAuthCombine-Community */,
				F6AC27EB290AA25F001FA300 /* FirebaseCrashlytics */,
				F6AC27ED290AA25F001FA300 /* FirebaseDatabase */,
				F6AC27EF290AA25F001FA300 /* FirebaseDatabaseSwift */,
				F6AC27F1290AA25F001FA300 /* FirebaseDynamicLinks */,
				F6AC27F3290AA25F001FA300 /* FirebaseFirestore */,
				F6AC27F5290AA25F001FA300 /* FirebaseFirestoreCombine-Community */,
				F6AC27F7290AA25F001FA300 /* FirebaseFirestoreSwift */,
				F6AC27F9290AA25F001FA300 /* FirebaseFunctions */,
				F6AC27FB290AA25F001FA300 /* FirebaseFunctionsCombine-Community */,
				F6AC27FD290AA25F001FA300 /* FirebaseInAppMessaging-Beta */,
				F6AC27FF290AA25F001FA300 /* FirebaseInAppMessagingSwift-Beta */,
				F6AC2801290AA25F001FA300 /* FirebaseInstallations */,
				F6AC2803290AA25F001FA300 /* FirebaseMLModelDownloader */,
				F6AC2805290AA25F001FA300 /* FirebaseMessaging */,
				F6AC2807290AA25F001FA300 /* FirebasePerformance */,
				F6AC2809290AA25F001FA300 /* FirebaseRemoteConfig */,
				F6AC280B290AA25F001FA300 /* FirebaseRemoteConfigSwift */,
				F6AC280D290AA25F001FA300 /* FirebaseStorage */,
				F6AC280F290AA25F001FA300 /* FirebaseStorageCombine-Community */,
				F6AC2856290BF660001FA300 /* EzImageLoader */,
			);
			productName = twitterClone;
			productReference = F648F04529092B6D00F00870 /* twitterClone.app */;
			productType = "com.apple.product-type.application";
		};
		F648F05A29092B6E00F00870 /* twitterCloneTests */ = {
			isa = PBXNativeTarget;
			buildConfigurationList = F648F07229092B6E00F00870 /* Build configuration list for PBXNativeTarget "twitterCloneTests" */;
			buildPhases = (
				F648F05729092B6E00F00870 /* Sources */,
				F648F05829092B6E00F00870 /* Frameworks */,
				F648F05929092B6E00F00870 /* Resources */,
			);
			buildRules = (
			);
			dependencies = (
				F648F05D29092B6E00F00870 /* PBXTargetDependency */,
			);
			name = twitterCloneTests;
			productName = twitterCloneTests;
			productReference = F648F05B29092B6E00F00870 /* twitterCloneTests.xctest */;
			productType = "com.apple.product-type.bundle.unit-test";
		};
		F648F06429092B6E00F00870 /* twitterCloneUITests */ = {
			isa = PBXNativeTarget;
			buildConfigurationList = F648F07529092B6E00F00870 /* Build configuration list for PBXNativeTarget "twitterCloneUITests" */;
			buildPhases = (
				F648F06129092B6E00F00870 /* Sources */,
				F648F06229092B6E00F00870 /* Frameworks */,
				F648F06329092B6E00F00870 /* Resources */,
			);
			buildRules = (
			);
			dependencies = (
				F648F06729092B6E00F00870 /* PBXTargetDependency */,
			);
			name = twitterCloneUITests;
			productName = twitterCloneUITests;
			productReference = F648F06529092B6E00F00870 /* twitterCloneUITests.xctest */;
			productType = "com.apple.product-type.bundle.ui-testing";
		};
/* End PBXNativeTarget section */

/* Begin PBXProject section */
		F648F03D29092B6D00F00870 /* Project object */ = {
			isa = PBXProject;
			attributes = {
				BuildIndependentTargetsInParallel = 1;
				LastSwiftUpdateCheck = 1340;
				LastUpgradeCheck = 1340;
				TargetAttributes = {
					F648F04429092B6D00F00870 = {
						CreatedOnToolsVersion = 13.4.1;
					};
					F648F05A29092B6E00F00870 = {
						CreatedOnToolsVersion = 13.4.1;
						TestTargetID = F648F04429092B6D00F00870;
					};
					F648F06429092B6E00F00870 = {
						CreatedOnToolsVersion = 13.4.1;
						TestTargetID = F648F04429092B6D00F00870;
					};
				};
			};
			buildConfigurationList = F648F04029092B6D00F00870 /* Build configuration list for PBXProject "twitterClone" */;
			compatibilityVersion = "Xcode 13.0";
			developmentRegion = en;
			hasScannedForEncodings = 0;
			knownRegions = (
				en,
				Base,
			);
			mainGroup = F648F03C29092B6D00F00870;
			packageReferences = (
				F6AC27DA290AA25F001FA300 /* XCRemoteSwiftPackageReference "firebase-ios-sdk" */,
				F6AC2855290BF660001FA300 /* XCRemoteSwiftPackageReference "EzImageLoader" */,
			);
			productRefGroup = F648F04629092B6D00F00870 /* Products */;
			projectDirPath = "";
			projectRoot = "";
			targets = (
				F648F04429092B6D00F00870 /* twitterClone */,
				F648F05A29092B6E00F00870 /* twitterCloneTests */,
				F648F06429092B6E00F00870 /* twitterCloneUITests */,
			);
		};
/* End PBXProject section */

/* Begin PBXResourcesBuildPhase section */
		F648F04329092B6D00F00870 /* Resources */ = {
			isa = PBXResourcesBuildPhase;
			buildActionMask = 2147483647;
			files = (
				F648F05529092B6E00F00870 /* LaunchScreen.storyboard in Resources */,
				F6AC2816290AC79D001FA300 /* GoogleService-Info.plist in Resources */,
				F648F05229092B6E00F00870 /* Assets.xcassets in Resources */,
				F648F05029092B6D00F00870 /* Main.storyboard in Resources */,
			);
			runOnlyForDeploymentPostprocessing = 0;
		};
		F648F05929092B6E00F00870 /* Resources */ = {
			isa = PBXResourcesBuildPhase;
			buildActionMask = 2147483647;
			files = (
			);
			runOnlyForDeploymentPostprocessing = 0;
		};
		F648F06329092B6E00F00870 /* Resources */ = {
			isa = PBXResourcesBuildPhase;
			buildActionMask = 2147483647;
			files = (
			);
			runOnlyForDeploymentPostprocessing = 0;
		};
/* End PBXResourcesBuildPhase section */

/* Begin PBXSourcesBuildPhase section */
		F648F04129092B6D00F00870 /* Sources */ = {
			isa = PBXSourcesBuildPhase;
			buildActionMask = 2147483647;
			files = (
				F6AC27D7290A92D3001FA300 /* CustomButtonWithImage.swift in Sources */,
				F648F085290937DE00F00870 /* NotificationsController.swift in Sources */,
				F6AC2836290BE917001FA300 /* UserService.swift in Sources */,
				F6AFB698291294C800F7B4F9 /* TweetCell.swift in Sources */,
				F6AC27D5290A839D001FA300 /* FooterView.swift in Sources */,
				F648F0872909381700F00870 /* ConversationsController.swift in Sources */,
				F648F04929092B6D00F00870 /* AppDelegate.swift in Sources */,
				F648F04B29092B6D00F00870 /* SceneDelegate.swift in Sources */,
				F648F081290936C700F00870 /* FeedController.swift in Sources */,
				F6AC2814290AC689001FA300 /* Constants.swift in Sources */,
				F648F0832909378500F00870 /* ExploreController.swift in Sources */,
				F648F09E29096AB700F00870 /* RegistrationController.swift in Sources */,
				F6AFB6932912814C00F7B4F9 /* TweetService.swift in Sources */,
				F648F07F290934F800F00870 /* MainTabBarController.swift in Sources */,
				F648F089290946F000F00870 /* ActionButton.swift in Sources */,
				F6AC27D12909712F001FA300 /* CustomImageView.swift in Sources */,
				F6AFB69A2912BC1F00F7B4F9 /* TweetViewModel.swift in Sources */,
				F6AC27D329097DD0001FA300 /* InputViewWithImageView.swift in Sources */,
				F6AC2838290BEC78001FA300 /* UserModel.swift in Sources */,
				F6AC285B290C2A92001FA300 /* TextViewWithPlaceHolder.swift in Sources */,
				F6AC2859290C1ABB001FA300 /* UploadTweetController.swift in Sources */,
				F6AFB69529128EB700F7B4F9 /* TweetModel.swift in Sources */,
				F6AC2818290AD1D2001FA300 /* AuthService.swift in Sources */,
				F648F0992909486100F00870 /* Extentions.swift in Sources */,
				F648F09C29096A3300F00870 /* LoginController.swift in Sources */,
			);
			runOnlyForDeploymentPostprocessing = 0;
		};
		F648F05729092B6E00F00870 /* Sources */ = {
			isa = PBXSourcesBuildPhase;
			buildActionMask = 2147483647;
			files = (
				F648F06029092B6E00F00870 /* twitterCloneTests.swift in Sources */,
			);
			runOnlyForDeploymentPostprocessing = 0;
		};
		F648F06129092B6E00F00870 /* Sources */ = {
			isa = PBXSourcesBuildPhase;
			buildActionMask = 2147483647;
			files = (
				F648F06C29092B6E00F00870 /* twitterCloneUITestsLaunchTests.swift in Sources */,
				F648F06A29092B6E00F00870 /* twitterCloneUITests.swift in Sources */,
			);
			runOnlyForDeploymentPostprocessing = 0;
		};
/* End PBXSourcesBuildPhase section */

/* Begin PBXTargetDependency section */
		F648F05D29092B6E00F00870 /* PBXTargetDependency */ = {
			isa = PBXTargetDependency;
			target = F648F04429092B6D00F00870 /* twitterClone */;
			targetProxy = F648F05C29092B6E00F00870 /* PBXContainerItemProxy */;
		};
		F648F06729092B6E00F00870 /* PBXTargetDependency */ = {
			isa = PBXTargetDependency;
			target = F648F04429092B6D00F00870 /* twitterClone */;
			targetProxy = F648F06629092B6E00F00870 /* PBXContainerItemProxy */;
		};
/* End PBXTargetDependency section */

/* Begin PBXVariantGroup section */
		F648F04E29092B6D00F00870 /* Main.storyboard */ = {
			isa = PBXVariantGroup;
			children = (
				F648F04F29092B6D00F00870 /* Base */,
			);
			name = Main.storyboard;
			sourceTree = "<group>";
		};
		F648F05329092B6E00F00870 /* LaunchScreen.storyboard */ = {
			isa = PBXVariantGroup;
			children = (
				F648F05429092B6E00F00870 /* Base */,
			);
			name = LaunchScreen.storyboard;
			sourceTree = "<group>";
		};
/* End PBXVariantGroup section */

/* Begin XCBuildConfiguration section */
		F648F06D29092B6E00F00870 /* Debug */ = {
			isa = XCBuildConfiguration;
			buildSettings = {
				ALWAYS_SEARCH_USER_PATHS = NO;
				CLANG_ANALYZER_NONNULL = YES;
				CLANG_ANALYZER_NUMBER_OBJECT_CONVERSION = YES_AGGRESSIVE;
				CLANG_CXX_LANGUAGE_STANDARD = "gnu++17";
				CLANG_ENABLE_MODULES = YES;
				CLANG_ENABLE_OBJC_ARC = YES;
				CLANG_ENABLE_OBJC_WEAK = YES;
				CLANG_WARN_BLOCK_CAPTURE_AUTORELEASING = YES;
				CLANG_WARN_BOOL_CONVERSION = YES;
				CLANG_WARN_COMMA = YES;
				CLANG_WARN_CONSTANT_CONVERSION = YES;
				CLANG_WARN_DEPRECATED_OBJC_IMPLEMENTATIONS = YES;
				CLANG_WARN_DIRECT_OBJC_ISA_USAGE = YES_ERROR;
				CLANG_WARN_DOCUMENTATION_COMMENTS = YES;
				CLANG_WARN_EMPTY_BODY = YES;
				CLANG_WARN_ENUM_CONVERSION = YES;
				CLANG_WARN_INFINITE_RECURSION = YES;
				CLANG_WARN_INT_CONVERSION = YES;
				CLANG_WARN_NON_LITERAL_NULL_CONVERSION = YES;
				CLANG_WARN_OBJC_IMPLICIT_RETAIN_SELF = YES;
				CLANG_WARN_OBJC_LITERAL_CONVERSION = YES;
				CLANG_WARN_OBJC_ROOT_CLASS = YES_ERROR;
				CLANG_WARN_QUOTED_INCLUDE_IN_FRAMEWORK_HEADER = YES;
				CLANG_WARN_RANGE_LOOP_ANALYSIS = YES;
				CLANG_WARN_STRICT_PROTOTYPES = YES;
				CLANG_WARN_SUSPICIOUS_MOVE = YES;
				CLANG_WARN_UNGUARDED_AVAILABILITY = YES_AGGRESSIVE;
				CLANG_WARN_UNREACHABLE_CODE = YES;
				CLANG_WARN__DUPLICATE_METHOD_MATCH = YES;
				COPY_PHASE_STRIP = NO;
				DEBUG_INFORMATION_FORMAT = dwarf;
				ENABLE_STRICT_OBJC_MSGSEND = YES;
				ENABLE_TESTABILITY = YES;
				GCC_C_LANGUAGE_STANDARD = gnu11;
				GCC_DYNAMIC_NO_PIC = NO;
				GCC_NO_COMMON_BLOCKS = YES;
				GCC_OPTIMIZATION_LEVEL = 0;
				GCC_PREPROCESSOR_DEFINITIONS = (
					"DEBUG=1",
					"$(inherited)",
				);
				GCC_WARN_64_TO_32_BIT_CONVERSION = YES;
				GCC_WARN_ABOUT_RETURN_TYPE = YES_ERROR;
				GCC_WARN_UNDECLARED_SELECTOR = YES;
				GCC_WARN_UNINITIALIZED_AUTOS = YES_AGGRESSIVE;
				GCC_WARN_UNUSED_FUNCTION = YES;
				GCC_WARN_UNUSED_VARIABLE = YES;
				IPHONEOS_DEPLOYMENT_TARGET = 15.5;
				MTL_ENABLE_DEBUG_INFO = INCLUDE_SOURCE;
				MTL_FAST_MATH = YES;
				ONLY_ACTIVE_ARCH = YES;
				SDKROOT = iphoneos;
				SWIFT_ACTIVE_COMPILATION_CONDITIONS = DEBUG;
				SWIFT_OPTIMIZATION_LEVEL = "-Onone";
			};
			name = Debug;
		};
		F648F06E29092B6E00F00870 /* Release */ = {
			isa = XCBuildConfiguration;
			buildSettings = {
				ALWAYS_SEARCH_USER_PATHS = NO;
				CLANG_ANALYZER_NONNULL = YES;
				CLANG_ANALYZER_NUMBER_OBJECT_CONVERSION = YES_AGGRESSIVE;
				CLANG_CXX_LANGUAGE_STANDARD = "gnu++17";
				CLANG_ENABLE_MODULES = YES;
				CLANG_ENABLE_OBJC_ARC = YES;
				CLANG_ENABLE_OBJC_WEAK = YES;
				CLANG_WARN_BLOCK_CAPTURE_AUTORELEASING = YES;
				CLANG_WARN_BOOL_CONVERSION = YES;
				CLANG_WARN_COMMA = YES;
				CLANG_WARN_CONSTANT_CONVERSION = YES;
				CLANG_WARN_DEPRECATED_OBJC_IMPLEMENTATIONS = YES;
				CLANG_WARN_DIRECT_OBJC_ISA_USAGE = YES_ERROR;
				CLANG_WARN_DOCUMENTATION_COMMENTS = YES;
				CLANG_WARN_EMPTY_BODY = YES;
				CLANG_WARN_ENUM_CONVERSION = YES;
				CLANG_WARN_INFINITE_RECURSION = YES;
				CLANG_WARN_INT_CONVERSION = YES;
				CLANG_WARN_NON_LITERAL_NULL_CONVERSION = YES;
				CLANG_WARN_OBJC_IMPLICIT_RETAIN_SELF = YES;
				CLANG_WARN_OBJC_LITERAL_CONVERSION = YES;
				CLANG_WARN_OBJC_ROOT_CLASS = YES_ERROR;
				CLANG_WARN_QUOTED_INCLUDE_IN_FRAMEWORK_HEADER = YES;
				CLANG_WARN_RANGE_LOOP_ANALYSIS = YES;
				CLANG_WARN_STRICT_PROTOTYPES = YES;
				CLANG_WARN_SUSPICIOUS_MOVE = YES;
				CLANG_WARN_UNGUARDED_AVAILABILITY = YES_AGGRESSIVE;
				CLANG_WARN_UNREACHABLE_CODE = YES;
				CLANG_WARN__DUPLICATE_METHOD_MATCH = YES;
				COPY_PHASE_STRIP = NO;
				DEBUG_INFORMATION_FORMAT = "dwarf-with-dsym";
				ENABLE_NS_ASSERTIONS = NO;
				ENABLE_STRICT_OBJC_MSGSEND = YES;
				GCC_C_LANGUAGE_STANDARD = gnu11;
				GCC_NO_COMMON_BLOCKS = YES;
				GCC_WARN_64_TO_32_BIT_CONVERSION = YES;
				GCC_WARN_ABOUT_RETURN_TYPE = YES_ERROR;
				GCC_WARN_UNDECLARED_SELECTOR = YES;
				GCC_WARN_UNINITIALIZED_AUTOS = YES_AGGRESSIVE;
				GCC_WARN_UNUSED_FUNCTION = YES;
				GCC_WARN_UNUSED_VARIABLE = YES;
				IPHONEOS_DEPLOYMENT_TARGET = 15.5;
				MTL_ENABLE_DEBUG_INFO = NO;
				MTL_FAST_MATH = YES;
				SDKROOT = iphoneos;
				SWIFT_COMPILATION_MODE = wholemodule;
				SWIFT_OPTIMIZATION_LEVEL = "-O";
				VALIDATE_PRODUCT = YES;
			};
			name = Release;
		};
		F648F07029092B6E00F00870 /* Debug */ = {
			isa = XCBuildConfiguration;
			buildSettings = {
				ASSETCATALOG_COMPILER_APPICON_NAME = AppIcon;
				ASSETCATALOG_COMPILER_GLOBAL_ACCENT_COLOR_NAME = AccentColor;
				CODE_SIGN_STYLE = Automatic;
				CURRENT_PROJECT_VERSION = 1;
				DEVELOPMENT_TEAM = Y69K77HXA2;
				GENERATE_INFOPLIST_FILE = YES;
				INFOPLIST_FILE = twitterClone/Info.plist;
				INFOPLIST_KEY_UIApplicationSupportsIndirectInputEvents = YES;
				INFOPLIST_KEY_UILaunchStoryboardName = LaunchScreen;
				INFOPLIST_KEY_UIMainStoryboardFile = Main;
				INFOPLIST_KEY_UISupportedInterfaceOrientations_iPad = "UIInterfaceOrientationPortrait UIInterfaceOrientationPortraitUpsideDown UIInterfaceOrientationLandscapeLeft UIInterfaceOrientationLandscapeRight";
				INFOPLIST_KEY_UISupportedInterfaceOrientations_iPhone = "UIInterfaceOrientationPortrait UIInterfaceOrientationLandscapeLeft UIInterfaceOrientationLandscapeRight";
				LD_RUNPATH_SEARCH_PATHS = (
					"$(inherited)",
					"@executable_path/Frameworks",
				);
				MARKETING_VERSION = 1.0;
				PRODUCT_BUNDLE_IDENTIFIER = com.victorLopes.twitterClone;
				PRODUCT_NAME = "$(TARGET_NAME)";
				SWIFT_EMIT_LOC_STRINGS = YES;
				SWIFT_VERSION = 5.0;
				TARGETED_DEVICE_FAMILY = "1,2";
			};
			name = Debug;
		};
		F648F07129092B6E00F00870 /* Release */ = {
			isa = XCBuildConfiguration;
			buildSettings = {
				ASSETCATALOG_COMPILER_APPICON_NAME = AppIcon;
				ASSETCATALOG_COMPILER_GLOBAL_ACCENT_COLOR_NAME = AccentColor;
				CODE_SIGN_STYLE = Automatic;
				CURRENT_PROJECT_VERSION = 1;
				DEVELOPMENT_TEAM = Y69K77HXA2;
				GENERATE_INFOPLIST_FILE = YES;
				INFOPLIST_FILE = twitterClone/Info.plist;
				INFOPLIST_KEY_UIApplicationSupportsIndirectInputEvents = YES;
				INFOPLIST_KEY_UILaunchStoryboardName = LaunchScreen;
				INFOPLIST_KEY_UIMainStoryboardFile = Main;
				INFOPLIST_KEY_UISupportedInterfaceOrientations_iPad = "UIInterfaceOrientationPortrait UIInterfaceOrientationPortraitUpsideDown UIInterfaceOrientationLandscapeLeft UIInterfaceOrientationLandscapeRight";
				INFOPLIST_KEY_UISupportedInterfaceOrientations_iPhone = "UIInterfaceOrientationPortrait UIInterfaceOrientationLandscapeLeft UIInterfaceOrientationLandscapeRight";
				LD_RUNPATH_SEARCH_PATHS = (
					"$(inherited)",
					"@executable_path/Frameworks",
				);
				MARKETING_VERSION = 1.0;
				PRODUCT_BUNDLE_IDENTIFIER = com.victorLopes.twitterClone;
				PRODUCT_NAME = "$(TARGET_NAME)";
				SWIFT_EMIT_LOC_STRINGS = YES;
				SWIFT_VERSION = 5.0;
				TARGETED_DEVICE_FAMILY = "1,2";
			};
			name = Release;
		};
		F648F07329092B6E00F00870 /* Debug */ = {
			isa = XCBuildConfiguration;
			buildSettings = {
				ALWAYS_EMBED_SWIFT_STANDARD_LIBRARIES = YES;
				BUNDLE_LOADER = "$(TEST_HOST)";
				CODE_SIGN_STYLE = Automatic;
				CURRENT_PROJECT_VERSION = 1;
				GENERATE_INFOPLIST_FILE = YES;
				IPHONEOS_DEPLOYMENT_TARGET = 15.5;
				MARKETING_VERSION = 1.0;
				PRODUCT_BUNDLE_IDENTIFIER = victorLopes.twitterCloneTests;
				PRODUCT_NAME = "$(TARGET_NAME)";
				SWIFT_EMIT_LOC_STRINGS = NO;
				SWIFT_VERSION = 5.0;
				TARGETED_DEVICE_FAMILY = "1,2";
				TEST_HOST = "$(BUILT_PRODUCTS_DIR)/twitterClone.app/twitterClone";
			};
			name = Debug;
		};
		F648F07429092B6E00F00870 /* Release */ = {
			isa = XCBuildConfiguration;
			buildSettings = {
				ALWAYS_EMBED_SWIFT_STANDARD_LIBRARIES = YES;
				BUNDLE_LOADER = "$(TEST_HOST)";
				CODE_SIGN_STYLE = Automatic;
				CURRENT_PROJECT_VERSION = 1;
				GENERATE_INFOPLIST_FILE = YES;
				IPHONEOS_DEPLOYMENT_TARGET = 15.5;
				MARKETING_VERSION = 1.0;
				PRODUCT_BUNDLE_IDENTIFIER = victorLopes.twitterCloneTests;
				PRODUCT_NAME = "$(TARGET_NAME)";
				SWIFT_EMIT_LOC_STRINGS = NO;
				SWIFT_VERSION = 5.0;
				TARGETED_DEVICE_FAMILY = "1,2";
				TEST_HOST = "$(BUILT_PRODUCTS_DIR)/twitterClone.app/twitterClone";
			};
			name = Release;
		};
		F648F07629092B6E00F00870 /* Debug */ = {
			isa = XCBuildConfiguration;
			buildSettings = {
				ALWAYS_EMBED_SWIFT_STANDARD_LIBRARIES = YES;
				CODE_SIGN_STYLE = Automatic;
				CURRENT_PROJECT_VERSION = 1;
				GENERATE_INFOPLIST_FILE = YES;
				MARKETING_VERSION = 1.0;
				PRODUCT_BUNDLE_IDENTIFIER = victorLopes.twitterCloneUITests;
				PRODUCT_NAME = "$(TARGET_NAME)";
				SWIFT_EMIT_LOC_STRINGS = NO;
				SWIFT_VERSION = 5.0;
				TARGETED_DEVICE_FAMILY = "1,2";
				TEST_TARGET_NAME = twitterClone;
			};
			name = Debug;
		};
		F648F07729092B6E00F00870 /* Release */ = {
			isa = XCBuildConfiguration;
			buildSettings = {
				ALWAYS_EMBED_SWIFT_STANDARD_LIBRARIES = YES;
				CODE_SIGN_STYLE = Automatic;
				CURRENT_PROJECT_VERSION = 1;
				GENERATE_INFOPLIST_FILE = YES;
				MARKETING_VERSION = 1.0;
				PRODUCT_BUNDLE_IDENTIFIER = victorLopes.twitterCloneUITests;
				PRODUCT_NAME = "$(TARGET_NAME)";
				SWIFT_EMIT_LOC_STRINGS = NO;
				SWIFT_VERSION = 5.0;
				TARGETED_DEVICE_FAMILY = "1,2";
				TEST_TARGET_NAME = twitterClone;
			};
			name = Release;
		};
/* End XCBuildConfiguration section */

/* Begin XCConfigurationList section */
		F648F04029092B6D00F00870 /* Build configuration list for PBXProject "twitterClone" */ = {
			isa = XCConfigurationList;
			buildConfigurations = (
				F648F06D29092B6E00F00870 /* Debug */,
				F648F06E29092B6E00F00870 /* Release */,
			);
			defaultConfigurationIsVisible = 0;
			defaultConfigurationName = Release;
		};
		F648F06F29092B6E00F00870 /* Build configuration list for PBXNativeTarget "twitterClone" */ = {
			isa = XCConfigurationList;
			buildConfigurations = (
				F648F07029092B6E00F00870 /* Debug */,
				F648F07129092B6E00F00870 /* Release */,
			);
			defaultConfigurationIsVisible = 0;
			defaultConfigurationName = Release;
		};
		F648F07229092B6E00F00870 /* Build configuration list for PBXNativeTarget "twitterCloneTests" */ = {
			isa = XCConfigurationList;
			buildConfigurations = (
				F648F07329092B6E00F00870 /* Debug */,
				F648F07429092B6E00F00870 /* Release */,
			);
			defaultConfigurationIsVisible = 0;
			defaultConfigurationName = Release;
		};
		F648F07529092B6E00F00870 /* Build configuration list for PBXNativeTarget "twitterCloneUITests" */ = {
			isa = XCConfigurationList;
			buildConfigurations = (
				F648F07629092B6E00F00870 /* Debug */,
				F648F07729092B6E00F00870 /* Release */,
			);
			defaultConfigurationIsVisible = 0;
			defaultConfigurationName = Release;
		};
/* End XCConfigurationList section */

/* Begin XCRemoteSwiftPackageReference section */
		F6AC27DA290AA25F001FA300 /* XCRemoteSwiftPackageReference "firebase-ios-sdk" */ = {
			isa = XCRemoteSwiftPackageReference;
			repositoryURL = "https://github.com/firebase/firebase-ios-sdk";
			requirement = {
				kind = upToNextMajorVersion;
				minimumVersion = 9.0.0;
			};
		};
		F6AC2855290BF660001FA300 /* XCRemoteSwiftPackageReference "EzImageLoader" */ = {
			isa = XCRemoteSwiftPackageReference;
			repositoryURL = "https://github.com/asaday/EzImageLoader.git";
			requirement = {
				kind = upToNextMajorVersion;
				minimumVersion = 3.0.0;
			};
		};
/* End XCRemoteSwiftPackageReference section */

/* Begin XCSwiftPackageProductDependency section */
		F6AC27DB290AA25F001FA300 /* FirebaseAnalytics */ = {
			isa = XCSwiftPackageProductDependency;
			package = F6AC27DA290AA25F001FA300 /* XCRemoteSwiftPackageReference "firebase-ios-sdk" */;
			productName = FirebaseAnalytics;
		};
		F6AC27DD290AA25F001FA300 /* FirebaseAnalyticsOnDeviceConversion */ = {
			isa = XCSwiftPackageProductDependency;
			package = F6AC27DA290AA25F001FA300 /* XCRemoteSwiftPackageReference "firebase-ios-sdk" */;
			productName = FirebaseAnalyticsOnDeviceConversion;
		};
		F6AC27DF290AA25F001FA300 /* FirebaseAnalyticsSwift */ = {
			isa = XCSwiftPackageProductDependency;
			package = F6AC27DA290AA25F001FA300 /* XCRemoteSwiftPackageReference "firebase-ios-sdk" */;
			productName = FirebaseAnalyticsSwift;
		};
		F6AC27E1290AA25F001FA300 /* FirebaseAnalyticsWithoutAdIdSupport */ = {
			isa = XCSwiftPackageProductDependency;
			package = F6AC27DA290AA25F001FA300 /* XCRemoteSwiftPackageReference "firebase-ios-sdk" */;
			productName = FirebaseAnalyticsWithoutAdIdSupport;
		};
		F6AC27E3290AA25F001FA300 /* FirebaseAppCheck */ = {
			isa = XCSwiftPackageProductDependency;
			package = F6AC27DA290AA25F001FA300 /* XCRemoteSwiftPackageReference "firebase-ios-sdk" */;
			productName = FirebaseAppCheck;
		};
		F6AC27E5290AA25F001FA300 /* FirebaseAppDistribution-Beta */ = {
			isa = XCSwiftPackageProductDependency;
			package = F6AC27DA290AA25F001FA300 /* XCRemoteSwiftPackageReference "firebase-ios-sdk" */;
			productName = "FirebaseAppDistribution-Beta";
		};
		F6AC27E7290AA25F001FA300 /* FirebaseAuth */ = {
			isa = XCSwiftPackageProductDependency;
			package = F6AC27DA290AA25F001FA300 /* XCRemoteSwiftPackageReference "firebase-ios-sdk" */;
			productName = FirebaseAuth;
		};
		F6AC27E9290AA25F001FA300 /* FirebaseAuthCombine-Community */ = {
			isa = XCSwiftPackageProductDependency;
			package = F6AC27DA290AA25F001FA300 /* XCRemoteSwiftPackageReference "firebase-ios-sdk" */;
			productName = "FirebaseAuthCombine-Community";
		};
		F6AC27EB290AA25F001FA300 /* FirebaseCrashlytics */ = {
			isa = XCSwiftPackageProductDependency;
			package = F6AC27DA290AA25F001FA300 /* XCRemoteSwiftPackageReference "firebase-ios-sdk" */;
			productName = FirebaseCrashlytics;
		};
		F6AC27ED290AA25F001FA300 /* FirebaseDatabase */ = {
			isa = XCSwiftPackageProductDependency;
			package = F6AC27DA290AA25F001FA300 /* XCRemoteSwiftPackageReference "firebase-ios-sdk" */;
			productName = FirebaseDatabase;
		};
		F6AC27EF290AA25F001FA300 /* FirebaseDatabaseSwift */ = {
			isa = XCSwiftPackageProductDependency;
			package = F6AC27DA290AA25F001FA300 /* XCRemoteSwiftPackageReference "firebase-ios-sdk" */;
			productName = FirebaseDatabaseSwift;
		};
		F6AC27F1290AA25F001FA300 /* FirebaseDynamicLinks */ = {
			isa = XCSwiftPackageProductDependency;
			package = F6AC27DA290AA25F001FA300 /* XCRemoteSwiftPackageReference "firebase-ios-sdk" */;
			productName = FirebaseDynamicLinks;
		};
		F6AC27F3290AA25F001FA300 /* FirebaseFirestore */ = {
			isa = XCSwiftPackageProductDependency;
			package = F6AC27DA290AA25F001FA300 /* XCRemoteSwiftPackageReference "firebase-ios-sdk" */;
			productName = FirebaseFirestore;
		};
		F6AC27F5290AA25F001FA300 /* FirebaseFirestoreCombine-Community */ = {
			isa = XCSwiftPackageProductDependency;
			package = F6AC27DA290AA25F001FA300 /* XCRemoteSwiftPackageReference "firebase-ios-sdk" */;
			productName = "FirebaseFirestoreCombine-Community";
		};
		F6AC27F7290AA25F001FA300 /* FirebaseFirestoreSwift */ = {
			isa = XCSwiftPackageProductDependency;
			package = F6AC27DA290AA25F001FA300 /* XCRemoteSwiftPackageReference "firebase-ios-sdk" */;
			productName = FirebaseFirestoreSwift;
		};
		F6AC27F9290AA25F001FA300 /* FirebaseFunctions */ = {
			isa = XCSwiftPackageProductDependency;
			package = F6AC27DA290AA25F001FA300 /* XCRemoteSwiftPackageReference "firebase-ios-sdk" */;
			productName = FirebaseFunctions;
		};
		F6AC27FB290AA25F001FA300 /* FirebaseFunctionsCombine-Community */ = {
			isa = XCSwiftPackageProductDependency;
			package = F6AC27DA290AA25F001FA300 /* XCRemoteSwiftPackageReference "firebase-ios-sdk" */;
			productName = "FirebaseFunctionsCombine-Community";
		};
		F6AC27FD290AA25F001FA300 /* FirebaseInAppMessaging-Beta */ = {
			isa = XCSwiftPackageProductDependency;
			package = F6AC27DA290AA25F001FA300 /* XCRemoteSwiftPackageReference "firebase-ios-sdk" */;
			productName = "FirebaseInAppMessaging-Beta";
		};
		F6AC27FF290AA25F001FA300 /* FirebaseInAppMessagingSwift-Beta */ = {
			isa = XCSwiftPackageProductDependency;
			package = F6AC27DA290AA25F001FA300 /* XCRemoteSwiftPackageReference "firebase-ios-sdk" */;
			productName = "FirebaseInAppMessagingSwift-Beta";
		};
		F6AC2801290AA25F001FA300 /* FirebaseInstallations */ = {
			isa = XCSwiftPackageProductDependency;
			package = F6AC27DA290AA25F001FA300 /* XCRemoteSwiftPackageReference "firebase-ios-sdk" */;
			productName = FirebaseInstallations;
		};
		F6AC2803290AA25F001FA300 /* FirebaseMLModelDownloader */ = {
			isa = XCSwiftPackageProductDependency;
			package = F6AC27DA290AA25F001FA300 /* XCRemoteSwiftPackageReference "firebase-ios-sdk" */;
			productName = FirebaseMLModelDownloader;
		};
		F6AC2805290AA25F001FA300 /* FirebaseMessaging */ = {
			isa = XCSwiftPackageProductDependency;
			package = F6AC27DA290AA25F001FA300 /* XCRemoteSwiftPackageReference "firebase-ios-sdk" */;
			productName = FirebaseMessaging;
		};
		F6AC2807290AA25F001FA300 /* FirebasePerformance */ = {
			isa = XCSwiftPackageProductDependency;
			package = F6AC27DA290AA25F001FA300 /* XCRemoteSwiftPackageReference "firebase-ios-sdk" */;
			productName = FirebasePerformance;
		};
		F6AC2809290AA25F001FA300 /* FirebaseRemoteConfig */ = {
			isa = XCSwiftPackageProductDependency;
			package = F6AC27DA290AA25F001FA300 /* XCRemoteSwiftPackageReference "firebase-ios-sdk" */;
			productName = FirebaseRemoteConfig;
		};
		F6AC280B290AA25F001FA300 /* FirebaseRemoteConfigSwift */ = {
			isa = XCSwiftPackageProductDependency;
			package = F6AC27DA290AA25F001FA300 /* XCRemoteSwiftPackageReference "firebase-ios-sdk" */;
			productName = FirebaseRemoteConfigSwift;
		};
		F6AC280D290AA25F001FA300 /* FirebaseStorage */ = {
			isa = XCSwiftPackageProductDependency;
			package = F6AC27DA290AA25F001FA300 /* XCRemoteSwiftPackageReference "firebase-ios-sdk" */;
			productName = FirebaseStorage;
		};
		F6AC280F290AA25F001FA300 /* FirebaseStorageCombine-Community */ = {
			isa = XCSwiftPackageProductDependency;
			package = F6AC27DA290AA25F001FA300 /* XCRemoteSwiftPackageReference "firebase-ios-sdk" */;
			productName = "FirebaseStorageCombine-Community";
		};
		F6AC2856290BF660001FA300 /* EzImageLoader */ = {
			isa = XCSwiftPackageProductDependency;
			package = F6AC2855290BF660001FA300 /* XCRemoteSwiftPackageReference "EzImageLoader" */;
			productName = EzImageLoader;
		};
/* End XCSwiftPackageProductDependency section */
	};
	rootObject = F648F03D29092B6D00F00870 /* Project object */;
}
